
Microsoft Visual Studio Solution File, Format Version 12.00
# Visual Studio Version 16
VisualStudioVersion = 16.0.28922.388
MinimumVisualStudioVersion = 10.0.40219.1
Project("{FAE04EC0-301F-11D3-BF4B-00C04F79EFBC}") = "Bomb.Android", "Bomb\Bomb.Android\Bomb.Android.csproj", "{592191CF-315E-45BA-BC7C-9CE037CA487E}"
EndProject
Project("{FAE04EC0-301F-11D3-BF4B-00C04F79EFBC}") = "Bomb", "Bomb\Bomb\Bomb.csproj", "{D8CAB90B-8679-4017-902D-8A3F0B4F35AB}"
EndProject
Global
	GlobalSection(SolutionConfigurationPlatforms) = preSolution
		Debug|Any CPU = Debug|Any CPU
		Release|Any CPU = Release|Any CPU
	EndGlobalSection
	GlobalSection(ProjectConfigurationPlatforms) = postSolution
		{592191CF-315E-45BA-BC7C-9CE037CA487E}.Debug|Any CPU.ActiveCfg = Debug|Any CPU
		{592191CF-315E-45BA-BC7C-9CE037CA487E}.Debug|Any CPU.Build.0 = Debug|Any CPU
		{592191CF-315E-45BA-BC7C-9CE037CA487E}.Debug|Any CPU.Deploy.0 = Debug|Any CPU
		{592191CF-315E-45BA-BC7C-9CE037CA487E}.Release|Any CPU.ActiveCfg = Release|Any CPU
		{592191CF-315E-45BA-BC7C-9CE037CA487E}.Release|Any CPU.Build.0 = Release|Any CPU
		{592191CF-315E-45BA-BC7C-9CE037CA487E}.Release|Any CPU.Deploy.0 = Release|Any CPU
		{D8CAB90B-8679-4017-902D-8A3F0B4F35AB}.Debug|Any CPU.ActiveCfg = Debug|Any CPU
		{D8CAB90B-8679-4017-902D-8A3F0B4F35AB}.Debug|Any CPU.Build.0 = Debug|Any CPU
		{D8CAB90B-8679-4017-902D-8A3F0B4F35AB}.Debug|Any CPU.Deploy.0 = Debug|Any CPU
		{D8CAB90B-8679-4017-902D-8A3F0B4F35AB}.Release|Any CPU.ActiveCfg = Release|Any CPU
		{D8CAB90B-8679-4017-902D-8A3F0B4F35AB}.Release|Any CPU.Build.0 = Release|Any CPU
		{D8CAB90B-8679-4017-902D-8A3F0B4F35AB}.Release|Any CPU.Deploy.0 = Release|Any CPU
	EndGlobalSection
	GlobalSection(SolutionProperties) = preSolution
		HideSolutionNode = FALSE
	EndGlobalSection
	GlobalSection(ExtensibilityGlobals) = postSolution
		SolutionGuid = {5566483F-ECF3-4E68-8435-614878430FAE}
	EndGlobalSection
EndGlobal
